
Microsoft Visual Studio Solution File, Format Version 12.00
# Visual Studio 15
VisualStudioVersion = 15.0.26730.16
MinimumVisualStudioVersion = 10.0.40219.1
Project("{9A19103F-16F7-4668-BE54-9A1E7A4F7556}") = "RateAPI", "RateAPI\RateAPI.csproj", "{ECBCE213-7916-4B5B-A234-DC925C6919E3}"
EndProject
Project("{9A19103F-16F7-4668-BE54-9A1E7A4F7556}") = "RateMeAPI", "..\RateMeAPI\RateMeAPI\RateMeAPI.csproj", "{5A2380E0-4D5B-4DDC-8F88-3D94F2115405}"
EndProject
Project("{FAE04EC0-301F-11D3-BF4B-00C04F79EFBC}") = "Client", "Client\Client.csproj", "{0D7A5230-93FE-425F-AA06-8375C180577C}"
EndProject
Global
	GlobalSection(SolutionConfigurationPlatforms) = preSolution
		Debug|Any CPU = Debug|Any CPU
		Release|Any CPU = Release|Any CPU
	EndGlobalSection
	GlobalSection(ProjectConfigurationPlatforms) = postSolution
		{ECBCE213-7916-4B5B-A234-DC925C6919E3}.Debug|Any CPU.ActiveCfg = Debug|Any CPU
		{ECBCE213-7916-4B5B-A234-DC925C6919E3}.Debug|Any CPU.Build.0 = Debug|Any CPU
		{ECBCE213-7916-4B5B-A234-DC925C6919E3}.Release|Any CPU.ActiveCfg = Release|Any CPU
		{ECBCE213-7916-4B5B-A234-DC925C6919E3}.Release|Any CPU.Build.0 = Release|Any CPU
		{5A2380E0-4D5B-4DDC-8F88-3D94F2115405}.Debug|Any CPU.ActiveCfg = Debug|Any CPU
		{5A2380E0-4D5B-4DDC-8F88-3D94F2115405}.Debug|Any CPU.Build.0 = Debug|Any CPU
		{5A2380E0-4D5B-4DDC-8F88-3D94F2115405}.Release|Any CPU.ActiveCfg = Release|Any CPU
		{5A2380E0-4D5B-4DDC-8F88-3D94F2115405}.Release|Any CPU.Build.0 = Release|Any CPU
		{0D7A5230-93FE-425F-AA06-8375C180577C}.Debug|Any CPU.ActiveCfg = Debug|Any CPU
		{0D7A5230-93FE-425F-AA06-8375C180577C}.Debug|Any CPU.Build.0 = Debug|Any CPU
		{0D7A5230-93FE-425F-AA06-8375C180577C}.Release|Any CPU.ActiveCfg = Release|Any CPU
		{0D7A5230-93FE-425F-AA06-8375C180577C}.Release|Any CPU.Build.0 = Release|Any CPU
	EndGlobalSection
	GlobalSection(SolutionProperties) = preSolution
		HideSolutionNode = FALSE
	EndGlobalSection
	GlobalSection(ExtensibilityGlobals) = postSolution
		SolutionGuid = {0DFD712E-8CB4-49D4-A106-F306C02E273B}
	EndGlobalSection
EndGlobal
